
Microsoft Visual Studio Solution File, Format Version 12.00
# Visual Studio Version 17
VisualStudioVersion = 17.0.31903.59
MinimumVisualStudioVersion = 10.0.40219.1
Project("{2150E333-8FDC-42A3-9474-1A3956D46DE8}") = "src", "src", "{6CF62218-06EF-4A6C-8D33-C45D24063980}"
EndProject
Project("{2150E333-8FDC-42A3-9474-1A3956D46DE8}") = "Users", "Users", "{DCE42CCE-C7F8-4AAC-AE86-479AEC5124D0}"
EndProject
Project("{FAE04EC0-301F-11D3-BF4B-00C04F79EFBC}") = "Users.Application", "src\Users\Users.Application\Users.Application.csproj", "{8FA4A25C-E8CC-421C-A6D4-DCB180BDEA1F}"
EndProject
Project("{FAE04EC0-301F-11D3-BF4B-00C04F79EFBC}") = "Users.Domain", "src\Users\Users.Domain\Users.Domain.csproj", "{B0EFB878-830F-40D4-B166-83A5E3A5C166}"
EndProject
Project("{FAE04EC0-301F-11D3-BF4B-00C04F79EFBC}") = "Users.Infrastructure", "src\Users\Users.Infrastructure\Users.Infrastructure.csproj", "{3DB3406A-FC59-4783-9388-D12B8E441916}"
EndProject
Project("{FAE04EC0-301F-11D3-BF4B-00C04F79EFBC}") = "Users.Presentation", "src\Users\Users.Presentation\Users.Presentation.csproj", "{A1DF4330-15B9-4237-B67B-368C1919E15E}"
EndProject
Project("{2150E333-8FDC-42A3-9474-1A3956D46DE8}") = "Bookings", "Bookings", "{CFA76F64-A500-4C7D-8423-2A1CF764335D}"
EndProject
Project("{FAE04EC0-301F-11D3-BF4B-00C04F79EFBC}") = "Bookings.Infrastructure", "src\Bookings\Bookings.Infrastructure\Bookings.Infrastructure.csproj", "{E94C50C5-DB12-43A5-903C-005871142C9E}"
EndProject
Project("{FAE04EC0-301F-11D3-BF4B-00C04F79EFBC}") = "Bookings.Application", "src\Bookings\Bookings.Application\Bookings.Application.csproj", "{7DD77A70-F0AB-4EE9-96AB-75E78580588E}"
EndProject
Project("{FAE04EC0-301F-11D3-BF4B-00C04F79EFBC}") = "Bookings.Domain", "src\Bookings\Bookings.Domain\Bookings.Domain.csproj", "{0D0B42F7-FA60-4500-90B2-181D5DD4DEEF}"
EndProject
Project("{FAE04EC0-301F-11D3-BF4B-00C04F79EFBC}") = "Bookings.Presentation", "src\Bookings\Bookings.Presentation\Bookings.Presentation.csproj", "{D0C0E60A-EEC4-459B-AA36-0852849E5BFB}"
EndProject
Project("{2150E333-8FDC-42A3-9474-1A3956D46DE8}") = "Events", "Events", "{E19594D2-B0CA-40D5-B02B-EC900A7C32FA}"
EndProject
Project("{FAE04EC0-301F-11D3-BF4B-00C04F79EFBC}") = "Events.Infrastructure", "src\Events\Events.Infrastructure\Events.Infrastructure.csproj", "{1F24C56D-C976-48B4-A978-C30CC97D82BD}"
EndProject
Project("{FAE04EC0-301F-11D3-BF4B-00C04F79EFBC}") = "Events.Presentation", "src\Events\Events.Presentation\Events.Presentation.csproj", "{45036F18-362D-4ACA-982D-C3BF16E946CB}"
EndProject
Project("{FAE04EC0-301F-11D3-BF4B-00C04F79EFBC}") = "Events.Domain", "src\Events\Events.Domain\Events.Domain.csproj", "{0F397911-FCAA-4FFC-832B-ADB394223A09}"
EndProject
Project("{FAE04EC0-301F-11D3-BF4B-00C04F79EFBC}") = "Events.Application", "src\Events\Events.Application\Events.Application.csproj", "{8D3B239B-0347-4A53-86FA-D4D14E5F8E8A}"
EndProject
Project("{FAE04EC0-301F-11D3-BF4B-00C04F79EFBC}") = "BookManager.Contracts", "src\BookManager.Contracts\BookManager.Contracts.csproj", "{6BDED542-9D5F-49E8-B358-2ED4BA31B0CB}"
EndProject
Global
	GlobalSection(SolutionConfigurationPlatforms) = preSolution
		Debug|Any CPU = Debug|Any CPU
		Release|Any CPU = Release|Any CPU
	EndGlobalSection
	GlobalSection(SolutionProperties) = preSolution
		HideSolutionNode = FALSE
	EndGlobalSection
	GlobalSection(ProjectConfigurationPlatforms) = postSolution
		{8FA4A25C-E8CC-421C-A6D4-DCB180BDEA1F}.Debug|Any CPU.ActiveCfg = Debug|Any CPU
		{8FA4A25C-E8CC-421C-A6D4-DCB180BDEA1F}.Debug|Any CPU.Build.0 = Debug|Any CPU
		{8FA4A25C-E8CC-421C-A6D4-DCB180BDEA1F}.Release|Any CPU.ActiveCfg = Release|Any CPU
		{8FA4A25C-E8CC-421C-A6D4-DCB180BDEA1F}.Release|Any CPU.Build.0 = Release|Any CPU
		{B0EFB878-830F-40D4-B166-83A5E3A5C166}.Debug|Any CPU.ActiveCfg = Debug|Any CPU
		{B0EFB878-830F-40D4-B166-83A5E3A5C166}.Debug|Any CPU.Build.0 = Debug|Any CPU
		{B0EFB878-830F-40D4-B166-83A5E3A5C166}.Release|Any CPU.ActiveCfg = Release|Any CPU
		{B0EFB878-830F-40D4-B166-83A5E3A5C166}.Release|Any CPU.Build.0 = Release|Any CPU
		{3DB3406A-FC59-4783-9388-D12B8E441916}.Debug|Any CPU.ActiveCfg = Debug|Any CPU
		{3DB3406A-FC59-4783-9388-D12B8E441916}.Debug|Any CPU.Build.0 = Debug|Any CPU
		{3DB3406A-FC59-4783-9388-D12B8E441916}.Release|Any CPU.ActiveCfg = Release|Any CPU
		{3DB3406A-FC59-4783-9388-D12B8E441916}.Release|Any CPU.Build.0 = Release|Any CPU
		{A1DF4330-15B9-4237-B67B-368C1919E15E}.Debug|Any CPU.ActiveCfg = Debug|Any CPU
		{A1DF4330-15B9-4237-B67B-368C1919E15E}.Debug|Any CPU.Build.0 = Debug|Any CPU
		{A1DF4330-15B9-4237-B67B-368C1919E15E}.Release|Any CPU.ActiveCfg = Release|Any CPU
		{A1DF4330-15B9-4237-B67B-368C1919E15E}.Release|Any CPU.Build.0 = Release|Any CPU
		{E94C50C5-DB12-43A5-903C-005871142C9E}.Debug|Any CPU.ActiveCfg = Debug|Any CPU
		{E94C50C5-DB12-43A5-903C-005871142C9E}.Debug|Any CPU.Build.0 = Debug|Any CPU
		{E94C50C5-DB12-43A5-903C-005871142C9E}.Release|Any CPU.ActiveCfg = Release|Any CPU
		{E94C50C5-DB12-43A5-903C-005871142C9E}.Release|Any CPU.Build.0 = Release|Any CPU
		{7DD77A70-F0AB-4EE9-96AB-75E78580588E}.Debug|Any CPU.ActiveCfg = Debug|Any CPU
		{7DD77A70-F0AB-4EE9-96AB-75E78580588E}.Debug|Any CPU.Build.0 = Debug|Any CPU
		{7DD77A70-F0AB-4EE9-96AB-75E78580588E}.Release|Any CPU.ActiveCfg = Release|Any CPU
		{7DD77A70-F0AB-4EE9-96AB-75E78580588E}.Release|Any CPU.Build.0 = Release|Any CPU
		{0D0B42F7-FA60-4500-90B2-181D5DD4DEEF}.Debug|Any CPU.ActiveCfg = Debug|Any CPU
		{0D0B42F7-FA60-4500-90B2-181D5DD4DEEF}.Debug|Any CPU.Build.0 = Debug|Any CPU
		{0D0B42F7-FA60-4500-90B2-181D5DD4DEEF}.Release|Any CPU.ActiveCfg = Release|Any CPU
		{0D0B42F7-FA60-4500-90B2-181D5DD4DEEF}.Release|Any CPU.Build.0 = Release|Any CPU
		{D0C0E60A-EEC4-459B-AA36-0852849E5BFB}.Debug|Any CPU.ActiveCfg = Debug|Any CPU
		{D0C0E60A-EEC4-459B-AA36-0852849E5BFB}.Debug|Any CPU.Build.0 = Debug|Any CPU
		{D0C0E60A-EEC4-459B-AA36-0852849E5BFB}.Release|Any CPU.ActiveCfg = Release|Any CPU
		{D0C0E60A-EEC4-459B-AA36-0852849E5BFB}.Release|Any CPU.Build.0 = Release|Any CPU
		{1F24C56D-C976-48B4-A978-C30CC97D82BD}.Debug|Any CPU.ActiveCfg = Debug|Any CPU
		{1F24C56D-C976-48B4-A978-C30CC97D82BD}.Debug|Any CPU.Build.0 = Debug|Any CPU
		{1F24C56D-C976-48B4-A978-C30CC97D82BD}.Release|Any CPU.ActiveCfg = Release|Any CPU
		{1F24C56D-C976-48B4-A978-C30CC97D82BD}.Release|Any CPU.Build.0 = Release|Any CPU
		{45036F18-362D-4ACA-982D-C3BF16E946CB}.Debug|Any CPU.ActiveCfg = Debug|Any CPU
		{45036F18-362D-4ACA-982D-C3BF16E946CB}.Debug|Any CPU.Build.0 = Debug|Any CPU
		{45036F18-362D-4ACA-982D-C3BF16E946CB}.Release|Any CPU.ActiveCfg = Release|Any CPU
		{45036F18-362D-4ACA-982D-C3BF16E946CB}.Release|Any CPU.Build.0 = Release|Any CPU
		{0F397911-FCAA-4FFC-832B-ADB394223A09}.Debug|Any CPU.ActiveCfg = Debug|Any CPU
		{0F397911-FCAA-4FFC-832B-ADB394223A09}.Debug|Any CPU.Build.0 = Debug|Any CPU
		{0F397911-FCAA-4FFC-832B-ADB394223A09}.Release|Any CPU.ActiveCfg = Release|Any CPU
		{0F397911-FCAA-4FFC-832B-ADB394223A09}.Release|Any CPU.Build.0 = Release|Any CPU
		{8D3B239B-0347-4A53-86FA-D4D14E5F8E8A}.Debug|Any CPU.ActiveCfg = Debug|Any CPU
		{8D3B239B-0347-4A53-86FA-D4D14E5F8E8A}.Debug|Any CPU.Build.0 = Debug|Any CPU
		{8D3B239B-0347-4A53-86FA-D4D14E5F8E8A}.Release|Any CPU.ActiveCfg = Release|Any CPU
		{8D3B239B-0347-4A53-86FA-D4D14E5F8E8A}.Release|Any CPU.Build.0 = Release|Any CPU
		{6BDED542-9D5F-49E8-B358-2ED4BA31B0CB}.Debug|Any CPU.ActiveCfg = Debug|Any CPU
		{6BDED542-9D5F-49E8-B358-2ED4BA31B0CB}.Debug|Any CPU.Build.0 = Debug|Any CPU
		{6BDED542-9D5F-49E8-B358-2ED4BA31B0CB}.Release|Any CPU.ActiveCfg = Release|Any CPU
		{6BDED542-9D5F-49E8-B358-2ED4BA31B0CB}.Release|Any CPU.Build.0 = Release|Any CPU
	EndGlobalSection
	GlobalSection(NestedProjects) = preSolution
		{DCE42CCE-C7F8-4AAC-AE86-479AEC5124D0} = {6CF62218-06EF-4A6C-8D33-C45D24063980}
		{8FA4A25C-E8CC-421C-A6D4-DCB180BDEA1F} = {DCE42CCE-C7F8-4AAC-AE86-479AEC5124D0}
		{B0EFB878-830F-40D4-B166-83A5E3A5C166} = {DCE42CCE-C7F8-4AAC-AE86-479AEC5124D0}
		{3DB3406A-FC59-4783-9388-D12B8E441916} = {DCE42CCE-C7F8-4AAC-AE86-479AEC5124D0}
		{A1DF4330-15B9-4237-B67B-368C1919E15E} = {DCE42CCE-C7F8-4AAC-AE86-479AEC5124D0}
		{CFA76F64-A500-4C7D-8423-2A1CF764335D} = {6CF62218-06EF-4A6C-8D33-C45D24063980}
		{E94C50C5-DB12-43A5-903C-005871142C9E} = {CFA76F64-A500-4C7D-8423-2A1CF764335D}
		{7DD77A70-F0AB-4EE9-96AB-75E78580588E} = {CFA76F64-A500-4C7D-8423-2A1CF764335D}
		{0D0B42F7-FA60-4500-90B2-181D5DD4DEEF} = {CFA76F64-A500-4C7D-8423-2A1CF764335D}
		{D0C0E60A-EEC4-459B-AA36-0852849E5BFB} = {CFA76F64-A500-4C7D-8423-2A1CF764335D}
		{E19594D2-B0CA-40D5-B02B-EC900A7C32FA} = {6CF62218-06EF-4A6C-8D33-C45D24063980}
		{1F24C56D-C976-48B4-A978-C30CC97D82BD} = {E19594D2-B0CA-40D5-B02B-EC900A7C32FA}
		{45036F18-362D-4ACA-982D-C3BF16E946CB} = {E19594D2-B0CA-40D5-B02B-EC900A7C32FA}
		{0F397911-FCAA-4FFC-832B-ADB394223A09} = {E19594D2-B0CA-40D5-B02B-EC900A7C32FA}
		{8D3B239B-0347-4A53-86FA-D4D14E5F8E8A} = {E19594D2-B0CA-40D5-B02B-EC900A7C32FA}
		{6BDED542-9D5F-49E8-B358-2ED4BA31B0CB} = {6CF62218-06EF-4A6C-8D33-C45D24063980}
	EndGlobalSection
EndGlobal
