Microsoft Visual Studio Solution File, Format Version 12.00
# Visual Studio Version 17
VisualStudioVersion = 17.5.2.0
MinimumVisualStudioVersion = 10.0.40219.1
Project("{FAE04EC0-301F-11D3-BF4B-00C04F79EFBC}") = "BookManager", "BookManager.csproj", "{562296B6-8676-E82C-2FFD-2A6CC49229B8}"
EndProject
Global
	GlobalSection(SolutionConfigurationPlatforms) = preSolution
		Debug|Any CPU = Debug|Any CPU
		Release|Any CPU = Release|Any CPU
	EndGlobalSection
	GlobalSection(ProjectConfigurationPlatforms) = postSolution
		{562296B6-8676-E82C-2FFD-2A6CC49229B8}.Debug|Any CPU.ActiveCfg = Debug|Any CPU
		{562296B6-8676-E82C-2FFD-2A6CC49229B8}.Debug|Any CPU.Build.0 = Debug|Any CPU
		{562296B6-8676-E82C-2FFD-2A6CC49229B8}.Release|Any CPU.ActiveCfg = Release|Any CPU
		{562296B6-8676-E82C-2FFD-2A6CC49229B8}.Release|Any CPU.Build.0 = Release|Any CPU
	EndGlobalSection
	GlobalSection(SolutionProperties) = preSolution
		HideSolutionNode = FALSE
	EndGlobalSection
	GlobalSection(ExtensibilityGlobals) = postSolution
		SolutionGuid = {ED88DD61-4299-42AE-B138-DC8187180C8E}
	EndGlobalSection
EndGlobal
